Microsoft Visual Studio Solution File, Format Version 12.00
# Visual Studio 14
Project("{2150E333-8FDC-42A3-9474-1A3956D46DE8}") = "CMakePredefinedTargets", "CMakePredefinedTargets", "{F5397D8E-A6DA-3B26-8CFF-47D611F93075}"
EndProject
Project("{2150E333-8FDC-42A3-9474-1A3956D46DE8}") = "chapter-01", "chapter-01", "{F0B3D247-A630-32F8-A98E-F745D4EF103A}"
EndProject
Project("{2150E333-8FDC-42A3-9474-1A3956D46DE8}") = "chapter-02", "chapter-02", "{48BFF96C-2398-3F43-AC19-0D2769F2CC6F}"
EndProject
Project("{2150E333-8FDC-42A3-9474-1A3956D46DE8}") = "third_party", "third_party", "{9FE003E7-AB43-3C74-B400-0B38642C9D98}"
EndProject
Project("{8BC9CEB8-8B4A-11D0-8D11-00A0C91BC942}") = "ALL_BUILD", "ALL_BUILD.vcxproj", "{43E318CD-90A9-3B81-AC2F-AB273509820F}"
	ProjectSection(ProjectDependencies) = postProject
		{FB2F7A3A-E47E-36FA-995F-7B3788D9ABB8} = {FB2F7A3A-E47E-36FA-995F-7B3788D9ABB8}
		{6971681B-9BAF-3F9E-B3A2-3D05DCBA8D95} = {6971681B-9BAF-3F9E-B3A2-3D05DCBA8D95}
		{7A4B22DB-3F44-3611-9BE3-A72C4BBA4B4A} = {7A4B22DB-3F44-3611-9BE3-A72C4BBA4B4A}
		{9142B4AB-E5EB-33C3-AAD0-D2204990EEF5} = {9142B4AB-E5EB-33C3-AAD0-D2204990EEF5}
		{25FB3EF7-F28F-3CC6-9908-5C3D1CCC1081} = {25FB3EF7-F28F-3CC6-9908-5C3D1CCC1081}
		{F08D388E-C3EE-3625-B49C-0A25139F8ABF} = {F08D388E-C3EE-3625-B49C-0A25139F8ABF}
		{76C913F0-F0F7-3E96-B395-EBB6484B184F} = {76C913F0-F0F7-3E96-B395-EBB6484B184F}
		{8403BAA1-A990-3943-ABCF-04EA35FD52D0} = {8403BAA1-A990-3943-ABCF-04EA35FD52D0}
		{DA8AB4BA-C0D3-32DF-8E8A-9005C1B0DAD0} = {DA8AB4BA-C0D3-32DF-8E8A-9005C1B0DAD0}
		{E2DBB048-10C9-3163-8809-20B0625E6DAE} = {E2DBB048-10C9-3163-8809-20B0625E6DAE}
		{5CB00ED4-33E8-3942-9C10-1F352AD2A2D0} = {5CB00ED4-33E8-3942-9C10-1F352AD2A2D0}
		{13E468D7-E6E5-3639-AC83-8380C9417A26} = {13E468D7-E6E5-3639-AC83-8380C9417A26}
	EndProjectSection
EndProject
Project("{8BC9CEB8-8B4A-11D0-8D11-00A0C91BC942}") = "HelloCWindow", "chapter-01\HelloCWindow\HelloCWindow.vcxproj", "{FB2F7A3A-E47E-36FA-995F-7B3788D9ABB8}"
	ProjectSection(ProjectDependencies) = postProject
		{DA8AB4BA-C0D3-32DF-8E8A-9005C1B0DAD0} = {DA8AB4BA-C0D3-32DF-8E8A-9005C1B0DAD0}
	EndProjectSection
EndProject
Project("{8BC9CEB8-8B4A-11D0-8D11-00A0C91BC942}") = "HelloCWindowImpl", "chapter-01\HelloCWindowImpl\HelloCWindowImpl.vcxproj", "{6971681B-9BAF-3F9E-B3A2-3D05DCBA8D95}"
	ProjectSection(ProjectDependencies) = postProject
		{DA8AB4BA-C0D3-32DF-8E8A-9005C1B0DAD0} = {DA8AB4BA-C0D3-32DF-8E8A-9005C1B0DAD0}
	EndProjectSection
EndProject
Project("{8BC9CEB8-8B4A-11D0-8D11-00A0C91BC942}") = "HelloCWindowImpl2", "chapter-01\HelloCWindowImpl2\HelloCWindowImpl2.vcxproj", "{7A4B22DB-3F44-3611-9BE3-A72C4BBA4B4A}"
	ProjectSection(ProjectDependencies) = postProject
		{DA8AB4BA-C0D3-32DF-8E8A-9005C1B0DAD0} = {DA8AB4BA-C0D3-32DF-8E8A-9005C1B0DAD0}
	EndProjectSection
EndProject
Project("{8BC9CEB8-8B4A-11D0-8D11-00A0C91BC942}") = "HelloWin", "chapter-01\HelloWin\HelloWin.vcxproj", "{9142B4AB-E5EB-33C3-AAD0-D2204990EEF5}"
	ProjectSection(ProjectDependencies) = postProject
		{DA8AB4BA-C0D3-32DF-8E8A-9005C1B0DAD0} = {DA8AB4BA-C0D3-32DF-8E8A-9005C1B0DAD0}
	EndProjectSection
EndProject
Project("{8BC9CEB8-8B4A-11D0-8D11-00A0C91BC942}") = "HelloWinDlg", "chapter-01\HelloWinDlg\HelloWinDlg.vcxproj", "{25FB3EF7-F28F-3CC6-9908-5C3D1CCC1081}"
	ProjectSection(ProjectDependencies) = postProject
		{DA8AB4BA-C0D3-32DF-8E8A-9005C1B0DAD0} = {DA8AB4BA-C0D3-32DF-8E8A-9005C1B0DAD0}
	EndProjectSection
EndProject
Project("{8BC9CEB8-8B4A-11D0-8D11-00A0C91BC942}") = "SelfDrawnWnd", "chapter-02\SelfDrawnWnd\SelfDrawnWnd.vcxproj", "{F08D388E-C3EE-3625-B49C-0A25139F8ABF}"
	ProjectSection(ProjectDependencies) = postProject
		{DA8AB4BA-C0D3-32DF-8E8A-9005C1B0DAD0} = {DA8AB4BA-C0D3-32DF-8E8A-9005C1B0DAD0}
		{E2DBB048-10C9-3163-8809-20B0625E6DAE} = {E2DBB048-10C9-3163-8809-20B0625E6DAE}
		{5CB00ED4-33E8-3942-9C10-1F352AD2A2D0} = {5CB00ED4-33E8-3942-9C10-1F352AD2A2D0}
		{13E468D7-E6E5-3639-AC83-8380C9417A26} = {13E468D7-E6E5-3639-AC83-8380C9417A26}
	EndProjectSection
EndProject
Project("{8BC9CEB8-8B4A-11D0-8D11-00A0C91BC942}") = "StopWatch", "chapter-01\StopWatch\StopWatch.vcxproj", "{76C913F0-F0F7-3E96-B395-EBB6484B184F}"
	ProjectSection(ProjectDependencies) = postProject
		{DA8AB4BA-C0D3-32DF-8E8A-9005C1B0DAD0} = {DA8AB4BA-C0D3-32DF-8E8A-9005C1B0DAD0}
	EndProjectSection
EndProject
Project("{8BC9CEB8-8B4A-11D0-8D11-00A0C91BC942}") = "StopWatchUseThunk", "chapter-01\StopWatchUseThunk\StopWatchUseThunk.vcxproj", "{8403BAA1-A990-3943-ABCF-04EA35FD52D0}"
	ProjectSection(ProjectDependencies) = postProject
		{DA8AB4BA-C0D3-32DF-8E8A-9005C1B0DAD0} = {DA8AB4BA-C0D3-32DF-8E8A-9005C1B0DAD0}
	EndProjectSection
EndProject
Project("{8BC9CEB8-8B4A-11D0-8D11-00A0C91BC942}") = "ZERO_CHECK", "ZERO_CHECK.vcxproj", "{DA8AB4BA-C0D3-32DF-8E8A-9005C1B0DAD0}"
	ProjectSection(ProjectDependencies) = postProject
	EndProjectSection
EndProject
Project("{8BC9CEB8-8B4A-11D0-8D11-00A0C91BC942}") = "png", "third_party\libpng\png.vcxproj", "{E2DBB048-10C9-3163-8809-20B0625E6DAE}"
	ProjectSection(ProjectDependencies) = postProject
		{DA8AB4BA-C0D3-32DF-8E8A-9005C1B0DAD0} = {DA8AB4BA-C0D3-32DF-8E8A-9005C1B0DAD0}
		{13E468D7-E6E5-3639-AC83-8380C9417A26} = {13E468D7-E6E5-3639-AC83-8380C9417A26}
	EndProjectSection
EndProject
Project("{8BC9CEB8-8B4A-11D0-8D11-00A0C91BC942}") = "skia", "third_party\skia\skia.vcxproj", "{5CB00ED4-33E8-3942-9C10-1F352AD2A2D0}"
	ProjectSection(ProjectDependencies) = postProject
		{DA8AB4BA-C0D3-32DF-8E8A-9005C1B0DAD0} = {DA8AB4BA-C0D3-32DF-8E8A-9005C1B0DAD0}
		{E2DBB048-10C9-3163-8809-20B0625E6DAE} = {E2DBB048-10C9-3163-8809-20B0625E6DAE}
		{13E468D7-E6E5-3639-AC83-8380C9417A26} = {13E468D7-E6E5-3639-AC83-8380C9417A26}
	EndProjectSection
EndProject
Project("{8BC9CEB8-8B4A-11D0-8D11-00A0C91BC942}") = "zlib", "third_party\zlib\zlib.vcxproj", "{13E468D7-E6E5-3639-AC83-8380C9417A26}"
	ProjectSection(ProjectDependencies) = postProject
		{DA8AB4BA-C0D3-32DF-8E8A-9005C1B0DAD0} = {DA8AB4BA-C0D3-32DF-8E8A-9005C1B0DAD0}
	EndProjectSection
EndProject
Global
	GlobalSection(SolutionConfigurationPlatforms) = preSolution
		Debug|Win32 = Debug|Win32
		Release|Win32 = Release|Win32
		MinSizeRel|Win32 = MinSizeRel|Win32
		RelWithDebInfo|Win32 = RelWithDebInfo|Win32
	EndGlobalSection
	GlobalSection(ProjectConfigurationPlatforms) = postSolution
		{43E318CD-90A9-3B81-AC2F-AB273509820F}.Debug|Win32.ActiveCfg = Debug|Win32
		{43E318CD-90A9-3B81-AC2F-AB273509820F}.Release|Win32.ActiveCfg = Release|Win32
		{43E318CD-90A9-3B81-AC2F-AB273509820F}.MinSizeRel|Win32.ActiveCfg = MinSizeRel|Win32
		{43E318CD-90A9-3B81-AC2F-AB273509820F}.RelWithDebInfo|Win32.ActiveCfg = RelWithDebInfo|Win32
		{FB2F7A3A-E47E-36FA-995F-7B3788D9ABB8}.Debug|Win32.ActiveCfg = Debug|Win32
		{FB2F7A3A-E47E-36FA-995F-7B3788D9ABB8}.Debug|Win32.Build.0 = Debug|Win32
		{FB2F7A3A-E47E-36FA-995F-7B3788D9ABB8}.Release|Win32.ActiveCfg = Release|Win32
		{FB2F7A3A-E47E-36FA-995F-7B3788D9ABB8}.Release|Win32.Build.0 = Release|Win32
		{FB2F7A3A-E47E-36FA-995F-7B3788D9ABB8}.MinSizeRel|Win32.ActiveCfg = MinSizeRel|Win32
		{FB2F7A3A-E47E-36FA-995F-7B3788D9ABB8}.MinSizeRel|Win32.Build.0 = MinSizeRel|Win32
		{FB2F7A3A-E47E-36FA-995F-7B3788D9ABB8}.RelWithDebInfo|Win32.ActiveCfg = RelWithDebInfo|Win32
		{FB2F7A3A-E47E-36FA-995F-7B3788D9ABB8}.RelWithDebInfo|Win32.Build.0 = RelWithDebInfo|Win32
		{6971681B-9BAF-3F9E-B3A2-3D05DCBA8D95}.Debug|Win32.ActiveCfg = Debug|Win32
		{6971681B-9BAF-3F9E-B3A2-3D05DCBA8D95}.Debug|Win32.Build.0 = Debug|Win32
		{6971681B-9BAF-3F9E-B3A2-3D05DCBA8D95}.Release|Win32.ActiveCfg = Release|Win32
		{6971681B-9BAF-3F9E-B3A2-3D05DCBA8D95}.Release|Win32.Build.0 = Release|Win32
		{6971681B-9BAF-3F9E-B3A2-3D05DCBA8D95}.MinSizeRel|Win32.ActiveCfg = MinSizeRel|Win32
		{6971681B-9BAF-3F9E-B3A2-3D05DCBA8D95}.MinSizeRel|Win32.Build.0 = MinSizeRel|Win32
		{6971681B-9BAF-3F9E-B3A2-3D05DCBA8D95}.RelWithDebInfo|Win32.ActiveCfg = RelWithDebInfo|Win32
		{6971681B-9BAF-3F9E-B3A2-3D05DCBA8D95}.RelWithDebInfo|Win32.Build.0 = RelWithDebInfo|Win32
		{7A4B22DB-3F44-3611-9BE3-A72C4BBA4B4A}.Debug|Win32.ActiveCfg = Debug|Win32
		{7A4B22DB-3F44-3611-9BE3-A72C4BBA4B4A}.Debug|Win32.Build.0 = Debug|Win32
		{7A4B22DB-3F44-3611-9BE3-A72C4BBA4B4A}.Release|Win32.ActiveCfg = Release|Win32
		{7A4B22DB-3F44-3611-9BE3-A72C4BBA4B4A}.Release|Win32.Build.0 = Release|Win32
		{7A4B22DB-3F44-3611-9BE3-A72C4BBA4B4A}.MinSizeRel|Win32.ActiveCfg = MinSizeRel|Win32
		{7A4B22DB-3F44-3611-9BE3-A72C4BBA4B4A}.MinSizeRel|Win32.Build.0 = MinSizeRel|Win32
		{7A4B22DB-3F44-3611-9BE3-A72C4BBA4B4A}.RelWithDebInfo|Win32.ActiveCfg = RelWithDebInfo|Win32
		{7A4B22DB-3F44-3611-9BE3-A72C4BBA4B4A}.RelWithDebInfo|Win32.Build.0 = RelWithDebInfo|Win32
		{9142B4AB-E5EB-33C3-AAD0-D2204990EEF5}.Debug|Win32.ActiveCfg = Debug|Win32
		{9142B4AB-E5EB-33C3-AAD0-D2204990EEF5}.Debug|Win32.Build.0 = Debug|Win32
		{9142B4AB-E5EB-33C3-AAD0-D2204990EEF5}.Release|Win32.ActiveCfg = Release|Win32
		{9142B4AB-E5EB-33C3-AAD0-D2204990EEF5}.Release|Win32.Build.0 = Release|Win32
		{9142B4AB-E5EB-33C3-AAD0-D2204990EEF5}.MinSizeRel|Win32.ActiveCfg = MinSizeRel|Win32
		{9142B4AB-E5EB-33C3-AAD0-D2204990EEF5}.MinSizeRel|Win32.Build.0 = MinSizeRel|Win32
		{9142B4AB-E5EB-33C3-AAD0-D2204990EEF5}.RelWithDebInfo|Win32.ActiveCfg = RelWithDebInfo|Win32
		{9142B4AB-E5EB-33C3-AAD0-D2204990EEF5}.RelWithDebInfo|Win32.Build.0 = RelWithDebInfo|Win32
		{25FB3EF7-F28F-3CC6-9908-5C3D1CCC1081}.Debug|Win32.ActiveCfg = Debug|Win32
		{25FB3EF7-F28F-3CC6-9908-5C3D1CCC1081}.Debug|Win32.Build.0 = Debug|Win32
		{25FB3EF7-F28F-3CC6-9908-5C3D1CCC1081}.Release|Win32.ActiveCfg = Release|Win32
		{25FB3EF7-F28F-3CC6-9908-5C3D1CCC1081}.Release|Win32.Build.0 = Release|Win32
		{25FB3EF7-F28F-3CC6-9908-5C3D1CCC1081}.MinSizeRel|Win32.ActiveCfg = MinSizeRel|Win32
		{25FB3EF7-F28F-3CC6-9908-5C3D1CCC1081}.MinSizeRel|Win32.Build.0 = MinSizeRel|Win32
		{25FB3EF7-F28F-3CC6-9908-5C3D1CCC1081}.RelWithDebInfo|Win32.ActiveCfg = RelWithDebInfo|Win32
		{25FB3EF7-F28F-3CC6-9908-5C3D1CCC1081}.RelWithDebInfo|Win32.Build.0 = RelWithDebInfo|Win32
		{F08D388E-C3EE-3625-B49C-0A25139F8ABF}.Debug|Win32.ActiveCfg = Debug|Win32
		{F08D388E-C3EE-3625-B49C-0A25139F8ABF}.Debug|Win32.Build.0 = Debug|Win32
		{F08D388E-C3EE-3625-B49C-0A25139F8ABF}.Release|Win32.ActiveCfg = Release|Win32
		{F08D388E-C3EE-3625-B49C-0A25139F8ABF}.Release|Win32.Build.0 = Release|Win32
		{F08D388E-C3EE-3625-B49C-0A25139F8ABF}.MinSizeRel|Win32.ActiveCfg = MinSizeRel|Win32
		{F08D388E-C3EE-3625-B49C-0A25139F8ABF}.MinSizeRel|Win32.Build.0 = MinSizeRel|Win32
		{F08D388E-C3EE-3625-B49C-0A25139F8ABF}.RelWithDebInfo|Win32.ActiveCfg = RelWithDebInfo|Win32
		{F08D388E-C3EE-3625-B49C-0A25139F8ABF}.RelWithDebInfo|Win32.Build.0 = RelWithDebInfo|Win32
		{76C913F0-F0F7-3E96-B395-EBB6484B184F}.Debug|Win32.ActiveCfg = Debug|Win32
		{76C913F0-F0F7-3E96-B395-EBB6484B184F}.Debug|Win32.Build.0 = Debug|Win32
		{76C913F0-F0F7-3E96-B395-EBB6484B184F}.Release|Win32.ActiveCfg = Release|Win32
		{76C913F0-F0F7-3E96-B395-EBB6484B184F}.Release|Win32.Build.0 = Release|Win32
		{76C913F0-F0F7-3E96-B395-EBB6484B184F}.MinSizeRel|Win32.ActiveCfg = MinSizeRel|Win32
		{76C913F0-F0F7-3E96-B395-EBB6484B184F}.MinSizeRel|Win32.Build.0 = MinSizeRel|Win32
		{76C913F0-F0F7-3E96-B395-EBB6484B184F}.RelWithDebInfo|Win32.ActiveCfg = RelWithDebInfo|Win32
		{76C913F0-F0F7-3E96-B395-EBB6484B184F}.RelWithDebInfo|Win32.Build.0 = RelWithDebInfo|Win32
		{8403BAA1-A990-3943-ABCF-04EA35FD52D0}.Debug|Win32.ActiveCfg = Debug|Win32
		{8403BAA1-A990-3943-ABCF-04EA35FD52D0}.Debug|Win32.Build.0 = Debug|Win32
		{8403BAA1-A990-3943-ABCF-04EA35FD52D0}.Release|Win32.ActiveCfg = Release|Win32
		{8403BAA1-A990-3943-ABCF-04EA35FD52D0}.Release|Win32.Build.0 = Release|Win32
		{8403BAA1-A990-3943-ABCF-04EA35FD52D0}.MinSizeRel|Win32.ActiveCfg = MinSizeRel|Win32
		{8403BAA1-A990-3943-ABCF-04EA35FD52D0}.MinSizeRel|Win32.Build.0 = MinSizeRel|Win32
		{8403BAA1-A990-3943-ABCF-04EA35FD52D0}.RelWithDebInfo|Win32.ActiveCfg = RelWithDebInfo|Win32
		{8403BAA1-A990-3943-ABCF-04EA35FD52D0}.RelWithDebInfo|Win32.Build.0 = RelWithDebInfo|Win32
		{DA8AB4BA-C0D3-32DF-8E8A-9005C1B0DAD0}.Debug|Win32.ActiveCfg = Debug|Win32
		{DA8AB4BA-C0D3-32DF-8E8A-9005C1B0DAD0}.Debug|Win32.Build.0 = Debug|Win32
		{DA8AB4BA-C0D3-32DF-8E8A-9005C1B0DAD0}.Release|Win32.ActiveCfg = Release|Win32
		{DA8AB4BA-C0D3-32DF-8E8A-9005C1B0DAD0}.Release|Win32.Build.0 = Release|Win32
		{DA8AB4BA-C0D3-32DF-8E8A-9005C1B0DAD0}.MinSizeRel|Win32.ActiveCfg = MinSizeRel|Win32
		{DA8AB4BA-C0D3-32DF-8E8A-9005C1B0DAD0}.MinSizeRel|Win32.Build.0 = MinSizeRel|Win32
		{DA8AB4BA-C0D3-32DF-8E8A-9005C1B0DAD0}.RelWithDebInfo|Win32.ActiveCfg = RelWithDebInfo|Win32
		{DA8AB4BA-C0D3-32DF-8E8A-9005C1B0DAD0}.RelWithDebInfo|Win32.Build.0 = RelWithDebInfo|Win32
		{E2DBB048-10C9-3163-8809-20B0625E6DAE}.Debug|Win32.ActiveCfg = Debug|Win32
		{E2DBB048-10C9-3163-8809-20B0625E6DAE}.Debug|Win32.Build.0 = Debug|Win32
		{E2DBB048-10C9-3163-8809-20B0625E6DAE}.Release|Win32.ActiveCfg = Release|Win32
		{E2DBB048-10C9-3163-8809-20B0625E6DAE}.Release|Win32.Build.0 = Release|Win32
		{E2DBB048-10C9-3163-8809-20B0625E6DAE}.MinSizeRel|Win32.ActiveCfg = MinSizeRel|Win32
		{E2DBB048-10C9-3163-8809-20B0625E6DAE}.MinSizeRel|Win32.Build.0 = MinSizeRel|Win32
		{E2DBB048-10C9-3163-8809-20B0625E6DAE}.RelWithDebInfo|Win32.ActiveCfg = RelWithDebInfo|Win32
		{E2DBB048-10C9-3163-8809-20B0625E6DAE}.RelWithDebInfo|Win32.Build.0 = RelWithDebInfo|Win32
		{5CB00ED4-33E8-3942-9C10-1F352AD2A2D0}.Debug|Win32.ActiveCfg = Debug|Win32
		{5CB00ED4-33E8-3942-9C10-1F352AD2A2D0}.Debug|Win32.Build.0 = Debug|Win32
		{5CB00ED4-33E8-3942-9C10-1F352AD2A2D0}.Release|Win32.ActiveCfg = Release|Win32
		{5CB00ED4-33E8-3942-9C10-1F352AD2A2D0}.Release|Win32.Build.0 = Release|Win32
		{5CB00ED4-33E8-3942-9C10-1F352AD2A2D0}.MinSizeRel|Win32.ActiveCfg = MinSizeRel|Win32
		{5CB00ED4-33E8-3942-9C10-1F352AD2A2D0}.MinSizeRel|Win32.Build.0 = MinSizeRel|Win32
		{5CB00ED4-33E8-3942-9C10-1F352AD2A2D0}.RelWithDebInfo|Win32.ActiveCfg = RelWithDebInfo|Win32
		{5CB00ED4-33E8-3942-9C10-1F352AD2A2D0}.RelWithDebInfo|Win32.Build.0 = RelWithDebInfo|Win32
		{13E468D7-E6E5-3639-AC83-8380C9417A26}.Debug|Win32.ActiveCfg = Debug|Win32
		{13E468D7-E6E5-3639-AC83-8380C9417A26}.Debug|Win32.Build.0 = Debug|Win32
		{13E468D7-E6E5-3639-AC83-8380C9417A26}.Release|Win32.ActiveCfg = Release|Win32
		{13E468D7-E6E5-3639-AC83-8380C9417A26}.Release|Win32.Build.0 = Release|Win32
		{13E468D7-E6E5-3639-AC83-8380C9417A26}.MinSizeRel|Win32.ActiveCfg = MinSizeRel|Win32
		{13E468D7-E6E5-3639-AC83-8380C9417A26}.MinSizeRel|Win32.Build.0 = MinSizeRel|Win32
		{13E468D7-E6E5-3639-AC83-8380C9417A26}.RelWithDebInfo|Win32.ActiveCfg = RelWithDebInfo|Win32
		{13E468D7-E6E5-3639-AC83-8380C9417A26}.RelWithDebInfo|Win32.Build.0 = RelWithDebInfo|Win32
	EndGlobalSection
	GlobalSection(NestedProjects) = preSolution
		{43E318CD-90A9-3B81-AC2F-AB273509820F} = {F5397D8E-A6DA-3B26-8CFF-47D611F93075}
		{DA8AB4BA-C0D3-32DF-8E8A-9005C1B0DAD0} = {F5397D8E-A6DA-3B26-8CFF-47D611F93075}
		{FB2F7A3A-E47E-36FA-995F-7B3788D9ABB8} = {F0B3D247-A630-32F8-A98E-F745D4EF103A}
		{6971681B-9BAF-3F9E-B3A2-3D05DCBA8D95} = {F0B3D247-A630-32F8-A98E-F745D4EF103A}
		{7A4B22DB-3F44-3611-9BE3-A72C4BBA4B4A} = {F0B3D247-A630-32F8-A98E-F745D4EF103A}
		{9142B4AB-E5EB-33C3-AAD0-D2204990EEF5} = {F0B3D247-A630-32F8-A98E-F745D4EF103A}
		{25FB3EF7-F28F-3CC6-9908-5C3D1CCC1081} = {F0B3D247-A630-32F8-A98E-F745D4EF103A}
		{76C913F0-F0F7-3E96-B395-EBB6484B184F} = {F0B3D247-A630-32F8-A98E-F745D4EF103A}
		{8403BAA1-A990-3943-ABCF-04EA35FD52D0} = {F0B3D247-A630-32F8-A98E-F745D4EF103A}
		{F08D388E-C3EE-3625-B49C-0A25139F8ABF} = {48BFF96C-2398-3F43-AC19-0D2769F2CC6F}
		{E2DBB048-10C9-3163-8809-20B0625E6DAE} = {9FE003E7-AB43-3C74-B400-0B38642C9D98}
		{5CB00ED4-33E8-3942-9C10-1F352AD2A2D0} = {9FE003E7-AB43-3C74-B400-0B38642C9D98}
		{13E468D7-E6E5-3639-AC83-8380C9417A26} = {9FE003E7-AB43-3C74-B400-0B38642C9D98}
	EndGlobalSection
	GlobalSection(ExtensibilityGlobals) = postSolution
	EndGlobalSection
	GlobalSection(ExtensibilityAddIns) = postSolution
	EndGlobalSection
EndGlobal
