Microsoft Visual Studio Solution File, Format Version 12.00
# Visual Studio 14
Project("{2150E333-8FDC-42A3-9474-1A3956D46DE8}") = "CMakePredefinedTargets", "CMakePredefinedTargets", "{863B93C8-AD57-3B3D-B121-543B872A6019}"
EndProject
Project("{2150E333-8FDC-42A3-9474-1A3956D46DE8}") = "chapter-01", "chapter-01", "{013ECBB0-990B-37EC-91DF-BB47E4C6B07E}"
EndProject
Project("{2150E333-8FDC-42A3-9474-1A3956D46DE8}") = "chapter-02", "chapter-02", "{A9CC3FC7-93E1-350E-A56D-FEEEC836BD95}"
EndProject
Project("{2150E333-8FDC-42A3-9474-1A3956D46DE8}") = "chapter-03", "chapter-03", "{5DC96700-7661-3853-9996-AC14366190B6}"
EndProject
Project("{2150E333-8FDC-42A3-9474-1A3956D46DE8}") = "third_party", "third_party", "{EC4F699F-6ECB-3C7C-8AB5-F8F22203E6C6}"
EndProject
Project("{8BC9CEB8-8B4A-11D0-8D11-00A0C91BC942}") = "ALL_BUILD", "ALL_BUILD.vcxproj", "{04CA8824-1CBA-3C56-9F3F-B60CB2C349A8}"
	ProjectSection(ProjectDependencies) = postProject
		{0B05884A-9AA9-30F1-80BB-5EC6A1DEB983} = {0B05884A-9AA9-30F1-80BB-5EC6A1DEB983}
		{F6AB45EF-B26F-36E8-9C98-2D031F3E0AB1} = {F6AB45EF-B26F-36E8-9C98-2D031F3E0AB1}
		{65B89C07-848F-3AFC-99C8-F762ABAEB817} = {65B89C07-848F-3AFC-99C8-F762ABAEB817}
		{F4939079-FC32-3E13-921C-F1F55FC38340} = {F4939079-FC32-3E13-921C-F1F55FC38340}
		{B91DC30E-CBF6-3B3F-A93B-8BC3C39CDA90} = {B91DC30E-CBF6-3B3F-A93B-8BC3C39CDA90}
		{B118798F-38B3-35E4-831C-286EA8ABD906} = {B118798F-38B3-35E4-831C-286EA8ABD906}
		{E22891B6-C000-3B5B-B078-B5F0425924C9} = {E22891B6-C000-3B5B-B078-B5F0425924C9}
		{FA637BDC-D96E-3217-A84A-947B7B839BCF} = {FA637BDC-D96E-3217-A84A-947B7B839BCF}
		{F74C0943-0EF1-3535-888A-69BF5E677068} = {F74C0943-0EF1-3535-888A-69BF5E677068}
		{7B96B084-18ED-3FAA-863B-9020E65C553F} = {7B96B084-18ED-3FAA-863B-9020E65C553F}
		{E52F9C14-B0B9-33BE-BCCC-FADAF9272F13} = {E52F9C14-B0B9-33BE-BCCC-FADAF9272F13}
		{BDE3EF20-2A25-3E0B-B2BF-ACBFC87C2DB4} = {BDE3EF20-2A25-3E0B-B2BF-ACBFC87C2DB4}
		{9950E646-C31C-3A9F-8F8D-CFEFA05424AF} = {9950E646-C31C-3A9F-8F8D-CFEFA05424AF}
		{605C6D49-064A-3519-A625-63F2EC95D4FB} = {605C6D49-064A-3519-A625-63F2EC95D4FB}
		{D28A93F2-82A2-311B-B514-26665677B1D3} = {D28A93F2-82A2-311B-B514-26665677B1D3}
		{A639C228-66D4-3410-B700-49FFB9F8E96E} = {A639C228-66D4-3410-B700-49FFB9F8E96E}
	EndProjectSection
EndProject
Project("{8BC9CEB8-8B4A-11D0-8D11-00A0C91BC942}") = "HelloCWindow", "chapter-01\HelloCWindow\HelloCWindow.vcxproj", "{0B05884A-9AA9-30F1-80BB-5EC6A1DEB983}"
	ProjectSection(ProjectDependencies) = postProject
		{9950E646-C31C-3A9F-8F8D-CFEFA05424AF} = {9950E646-C31C-3A9F-8F8D-CFEFA05424AF}
	EndProjectSection
EndProject
Project("{8BC9CEB8-8B4A-11D0-8D11-00A0C91BC942}") = "HelloCWindowImpl", "chapter-01\HelloCWindowImpl\HelloCWindowImpl.vcxproj", "{F6AB45EF-B26F-36E8-9C98-2D031F3E0AB1}"
	ProjectSection(ProjectDependencies) = postProject
		{9950E646-C31C-3A9F-8F8D-CFEFA05424AF} = {9950E646-C31C-3A9F-8F8D-CFEFA05424AF}
	EndProjectSection
EndProject
Project("{8BC9CEB8-8B4A-11D0-8D11-00A0C91BC942}") = "HelloCWindowImpl2", "chapter-01\HelloCWindowImpl2\HelloCWindowImpl2.vcxproj", "{65B89C07-848F-3AFC-99C8-F762ABAEB817}"
	ProjectSection(ProjectDependencies) = postProject
		{9950E646-C31C-3A9F-8F8D-CFEFA05424AF} = {9950E646-C31C-3A9F-8F8D-CFEFA05424AF}
	EndProjectSection
EndProject
Project("{8BC9CEB8-8B4A-11D0-8D11-00A0C91BC942}") = "HelloWin", "chapter-01\HelloWin\HelloWin.vcxproj", "{F4939079-FC32-3E13-921C-F1F55FC38340}"
	ProjectSection(ProjectDependencies) = postProject
		{9950E646-C31C-3A9F-8F8D-CFEFA05424AF} = {9950E646-C31C-3A9F-8F8D-CFEFA05424AF}
	EndProjectSection
EndProject
Project("{8BC9CEB8-8B4A-11D0-8D11-00A0C91BC942}") = "HelloWinDlg", "chapter-01\HelloWinDlg\HelloWinDlg.vcxproj", "{B91DC30E-CBF6-3B3F-A93B-8BC3C39CDA90}"
	ProjectSection(ProjectDependencies) = postProject
		{9950E646-C31C-3A9F-8F8D-CFEFA05424AF} = {9950E646-C31C-3A9F-8F8D-CFEFA05424AF}
	EndProjectSection
EndProject
Project("{8BC9CEB8-8B4A-11D0-8D11-00A0C91BC942}") = "SelfDrawnWnd", "chapter-03\SelfDrawnWnd\SelfDrawnWnd.vcxproj", "{B118798F-38B3-35E4-831C-286EA8ABD906}"
	ProjectSection(ProjectDependencies) = postProject
		{9950E646-C31C-3A9F-8F8D-CFEFA05424AF} = {9950E646-C31C-3A9F-8F8D-CFEFA05424AF}
		{605C6D49-064A-3519-A625-63F2EC95D4FB} = {605C6D49-064A-3519-A625-63F2EC95D4FB}
		{D28A93F2-82A2-311B-B514-26665677B1D3} = {D28A93F2-82A2-311B-B514-26665677B1D3}
		{A639C228-66D4-3410-B700-49FFB9F8E96E} = {A639C228-66D4-3410-B700-49FFB9F8E96E}
	EndProjectSection
EndProject
Project("{8BC9CEB8-8B4A-11D0-8D11-00A0C91BC942}") = "SkBitmapDemo", "chapter-02\SkBitmapDemo\SkBitmapDemo.vcxproj", "{E22891B6-C000-3B5B-B078-B5F0425924C9}"
	ProjectSection(ProjectDependencies) = postProject
		{9950E646-C31C-3A9F-8F8D-CFEFA05424AF} = {9950E646-C31C-3A9F-8F8D-CFEFA05424AF}
		{605C6D49-064A-3519-A625-63F2EC95D4FB} = {605C6D49-064A-3519-A625-63F2EC95D4FB}
		{D28A93F2-82A2-311B-B514-26665677B1D3} = {D28A93F2-82A2-311B-B514-26665677B1D3}
		{A639C228-66D4-3410-B700-49FFB9F8E96E} = {A639C228-66D4-3410-B700-49FFB9F8E96E}
	EndProjectSection
EndProject
Project("{8BC9CEB8-8B4A-11D0-8D11-00A0C91BC942}") = "SkCanvasDemo", "chapter-02\SkCanvasDemo\SkCanvasDemo.vcxproj", "{FA637BDC-D96E-3217-A84A-947B7B839BCF}"
	ProjectSection(ProjectDependencies) = postProject
		{9950E646-C31C-3A9F-8F8D-CFEFA05424AF} = {9950E646-C31C-3A9F-8F8D-CFEFA05424AF}
		{605C6D49-064A-3519-A625-63F2EC95D4FB} = {605C6D49-064A-3519-A625-63F2EC95D4FB}
		{D28A93F2-82A2-311B-B514-26665677B1D3} = {D28A93F2-82A2-311B-B514-26665677B1D3}
		{A639C228-66D4-3410-B700-49FFB9F8E96E} = {A639C228-66D4-3410-B700-49FFB9F8E96E}
	EndProjectSection
EndProject
Project("{8BC9CEB8-8B4A-11D0-8D11-00A0C91BC942}") = "SkPaintDemo", "chapter-02\SkPaintDemo\SkPaintDemo.vcxproj", "{F74C0943-0EF1-3535-888A-69BF5E677068}"
	ProjectSection(ProjectDependencies) = postProject
		{9950E646-C31C-3A9F-8F8D-CFEFA05424AF} = {9950E646-C31C-3A9F-8F8D-CFEFA05424AF}
		{605C6D49-064A-3519-A625-63F2EC95D4FB} = {605C6D49-064A-3519-A625-63F2EC95D4FB}
		{D28A93F2-82A2-311B-B514-26665677B1D3} = {D28A93F2-82A2-311B-B514-26665677B1D3}
		{A639C228-66D4-3410-B700-49FFB9F8E96E} = {A639C228-66D4-3410-B700-49FFB9F8E96E}
	EndProjectSection
EndProject
Project("{8BC9CEB8-8B4A-11D0-8D11-00A0C91BC942}") = "StopWatch", "chapter-01\StopWatch\StopWatch.vcxproj", "{7B96B084-18ED-3FAA-863B-9020E65C553F}"
	ProjectSection(ProjectDependencies) = postProject
		{9950E646-C31C-3A9F-8F8D-CFEFA05424AF} = {9950E646-C31C-3A9F-8F8D-CFEFA05424AF}
	EndProjectSection
EndProject
Project("{8BC9CEB8-8B4A-11D0-8D11-00A0C91BC942}") = "StopWatchUseThunk", "chapter-01\StopWatchUseThunk\StopWatchUseThunk.vcxproj", "{E52F9C14-B0B9-33BE-BCCC-FADAF9272F13}"
	ProjectSection(ProjectDependencies) = postProject
		{9950E646-C31C-3A9F-8F8D-CFEFA05424AF} = {9950E646-C31C-3A9F-8F8D-CFEFA05424AF}
	EndProjectSection
EndProject
Project("{8BC9CEB8-8B4A-11D0-8D11-00A0C91BC942}") = "TextDemo", "chapter-02\TextDemo\TextDemo.vcxproj", "{BDE3EF20-2A25-3E0B-B2BF-ACBFC87C2DB4}"
	ProjectSection(ProjectDependencies) = postProject
		{9950E646-C31C-3A9F-8F8D-CFEFA05424AF} = {9950E646-C31C-3A9F-8F8D-CFEFA05424AF}
		{605C6D49-064A-3519-A625-63F2EC95D4FB} = {605C6D49-064A-3519-A625-63F2EC95D4FB}
		{D28A93F2-82A2-311B-B514-26665677B1D3} = {D28A93F2-82A2-311B-B514-26665677B1D3}
		{A639C228-66D4-3410-B700-49FFB9F8E96E} = {A639C228-66D4-3410-B700-49FFB9F8E96E}
	EndProjectSection
EndProject
Project("{8BC9CEB8-8B4A-11D0-8D11-00A0C91BC942}") = "ZERO_CHECK", "ZERO_CHECK.vcxproj", "{9950E646-C31C-3A9F-8F8D-CFEFA05424AF}"
	ProjectSection(ProjectDependencies) = postProject
	EndProjectSection
EndProject
Project("{8BC9CEB8-8B4A-11D0-8D11-00A0C91BC942}") = "png", "third_party\libpng\png.vcxproj", "{605C6D49-064A-3519-A625-63F2EC95D4FB}"
	ProjectSection(ProjectDependencies) = postProject
		{9950E646-C31C-3A9F-8F8D-CFEFA05424AF} = {9950E646-C31C-3A9F-8F8D-CFEFA05424AF}
		{A639C228-66D4-3410-B700-49FFB9F8E96E} = {A639C228-66D4-3410-B700-49FFB9F8E96E}
	EndProjectSection
EndProject
Project("{8BC9CEB8-8B4A-11D0-8D11-00A0C91BC942}") = "skia", "third_party\skia\skia.vcxproj", "{D28A93F2-82A2-311B-B514-26665677B1D3}"
	ProjectSection(ProjectDependencies) = postProject
		{9950E646-C31C-3A9F-8F8D-CFEFA05424AF} = {9950E646-C31C-3A9F-8F8D-CFEFA05424AF}
		{605C6D49-064A-3519-A625-63F2EC95D4FB} = {605C6D49-064A-3519-A625-63F2EC95D4FB}
		{A639C228-66D4-3410-B700-49FFB9F8E96E} = {A639C228-66D4-3410-B700-49FFB9F8E96E}
	EndProjectSection
EndProject
Project("{8BC9CEB8-8B4A-11D0-8D11-00A0C91BC942}") = "zlib", "third_party\zlib\zlib.vcxproj", "{A639C228-66D4-3410-B700-49FFB9F8E96E}"
	ProjectSection(ProjectDependencies) = postProject
		{9950E646-C31C-3A9F-8F8D-CFEFA05424AF} = {9950E646-C31C-3A9F-8F8D-CFEFA05424AF}
	EndProjectSection
EndProject
Global
	GlobalSection(SolutionConfigurationPlatforms) = preSolution
		Debug|Win32 = Debug|Win32
		Release|Win32 = Release|Win32
		MinSizeRel|Win32 = MinSizeRel|Win32
		RelWithDebInfo|Win32 = RelWithDebInfo|Win32
	EndGlobalSection
	GlobalSection(ProjectConfigurationPlatforms) = postSolution
		{04CA8824-1CBA-3C56-9F3F-B60CB2C349A8}.Debug|Win32.ActiveCfg = Debug|Win32
		{04CA8824-1CBA-3C56-9F3F-B60CB2C349A8}.Release|Win32.ActiveCfg = Release|Win32
		{04CA8824-1CBA-3C56-9F3F-B60CB2C349A8}.MinSizeRel|Win32.ActiveCfg = MinSizeRel|Win32
		{04CA8824-1CBA-3C56-9F3F-B60CB2C349A8}.RelWithDebInfo|Win32.ActiveCfg = RelWithDebInfo|Win32
		{0B05884A-9AA9-30F1-80BB-5EC6A1DEB983}.Debug|Win32.ActiveCfg = Debug|Win32
		{0B05884A-9AA9-30F1-80BB-5EC6A1DEB983}.Debug|Win32.Build.0 = Debug|Win32
		{0B05884A-9AA9-30F1-80BB-5EC6A1DEB983}.Release|Win32.ActiveCfg = Release|Win32
		{0B05884A-9AA9-30F1-80BB-5EC6A1DEB983}.Release|Win32.Build.0 = Release|Win32
		{0B05884A-9AA9-30F1-80BB-5EC6A1DEB983}.MinSizeRel|Win32.ActiveCfg = MinSizeRel|Win32
		{0B05884A-9AA9-30F1-80BB-5EC6A1DEB983}.MinSizeRel|Win32.Build.0 = MinSizeRel|Win32
		{0B05884A-9AA9-30F1-80BB-5EC6A1DEB983}.RelWithDebInfo|Win32.ActiveCfg = RelWithDebInfo|Win32
		{0B05884A-9AA9-30F1-80BB-5EC6A1DEB983}.RelWithDebInfo|Win32.Build.0 = RelWithDebInfo|Win32
		{F6AB45EF-B26F-36E8-9C98-2D031F3E0AB1}.Debug|Win32.ActiveCfg = Debug|Win32
		{F6AB45EF-B26F-36E8-9C98-2D031F3E0AB1}.Debug|Win32.Build.0 = Debug|Win32
		{F6AB45EF-B26F-36E8-9C98-2D031F3E0AB1}.Release|Win32.ActiveCfg = Release|Win32
		{F6AB45EF-B26F-36E8-9C98-2D031F3E0AB1}.Release|Win32.Build.0 = Release|Win32
		{F6AB45EF-B26F-36E8-9C98-2D031F3E0AB1}.MinSizeRel|Win32.ActiveCfg = MinSizeRel|Win32
		{F6AB45EF-B26F-36E8-9C98-2D031F3E0AB1}.MinSizeRel|Win32.Build.0 = MinSizeRel|Win32
		{F6AB45EF-B26F-36E8-9C98-2D031F3E0AB1}.RelWithDebInfo|Win32.ActiveCfg = RelWithDebInfo|Win32
		{F6AB45EF-B26F-36E8-9C98-2D031F3E0AB1}.RelWithDebInfo|Win32.Build.0 = RelWithDebInfo|Win32
		{65B89C07-848F-3AFC-99C8-F762ABAEB817}.Debug|Win32.ActiveCfg = Debug|Win32
		{65B89C07-848F-3AFC-99C8-F762ABAEB817}.Debug|Win32.Build.0 = Debug|Win32
		{65B89C07-848F-3AFC-99C8-F762ABAEB817}.Release|Win32.ActiveCfg = Release|Win32
		{65B89C07-848F-3AFC-99C8-F762ABAEB817}.Release|Win32.Build.0 = Release|Win32
		{65B89C07-848F-3AFC-99C8-F762ABAEB817}.MinSizeRel|Win32.ActiveCfg = MinSizeRel|Win32
		{65B89C07-848F-3AFC-99C8-F762ABAEB817}.MinSizeRel|Win32.Build.0 = MinSizeRel|Win32
		{65B89C07-848F-3AFC-99C8-F762ABAEB817}.RelWithDebInfo|Win32.ActiveCfg = RelWithDebInfo|Win32
		{65B89C07-848F-3AFC-99C8-F762ABAEB817}.RelWithDebInfo|Win32.Build.0 = RelWithDebInfo|Win32
		{F4939079-FC32-3E13-921C-F1F55FC38340}.Debug|Win32.ActiveCfg = Debug|Win32
		{F4939079-FC32-3E13-921C-F1F55FC38340}.Debug|Win32.Build.0 = Debug|Win32
		{F4939079-FC32-3E13-921C-F1F55FC38340}.Release|Win32.ActiveCfg = Release|Win32
		{F4939079-FC32-3E13-921C-F1F55FC38340}.Release|Win32.Build.0 = Release|Win32
		{F4939079-FC32-3E13-921C-F1F55FC38340}.MinSizeRel|Win32.ActiveCfg = MinSizeRel|Win32
		{F4939079-FC32-3E13-921C-F1F55FC38340}.MinSizeRel|Win32.Build.0 = MinSizeRel|Win32
		{F4939079-FC32-3E13-921C-F1F55FC38340}.RelWithDebInfo|Win32.ActiveCfg = RelWithDebInfo|Win32
		{F4939079-FC32-3E13-921C-F1F55FC38340}.RelWithDebInfo|Win32.Build.0 = RelWithDebInfo|Win32
		{B91DC30E-CBF6-3B3F-A93B-8BC3C39CDA90}.Debug|Win32.ActiveCfg = Debug|Win32
		{B91DC30E-CBF6-3B3F-A93B-8BC3C39CDA90}.Debug|Win32.Build.0 = Debug|Win32
		{B91DC30E-CBF6-3B3F-A93B-8BC3C39CDA90}.Release|Win32.ActiveCfg = Release|Win32
		{B91DC30E-CBF6-3B3F-A93B-8BC3C39CDA90}.Release|Win32.Build.0 = Release|Win32
		{B91DC30E-CBF6-3B3F-A93B-8BC3C39CDA90}.MinSizeRel|Win32.ActiveCfg = MinSizeRel|Win32
		{B91DC30E-CBF6-3B3F-A93B-8BC3C39CDA90}.MinSizeRel|Win32.Build.0 = MinSizeRel|Win32
		{B91DC30E-CBF6-3B3F-A93B-8BC3C39CDA90}.RelWithDebInfo|Win32.ActiveCfg = RelWithDebInfo|Win32
		{B91DC30E-CBF6-3B3F-A93B-8BC3C39CDA90}.RelWithDebInfo|Win32.Build.0 = RelWithDebInfo|Win32
		{B118798F-38B3-35E4-831C-286EA8ABD906}.Debug|Win32.ActiveCfg = Debug|Win32
		{B118798F-38B3-35E4-831C-286EA8ABD906}.Debug|Win32.Build.0 = Debug|Win32
		{B118798F-38B3-35E4-831C-286EA8ABD906}.Release|Win32.ActiveCfg = Release|Win32
		{B118798F-38B3-35E4-831C-286EA8ABD906}.Release|Win32.Build.0 = Release|Win32
		{B118798F-38B3-35E4-831C-286EA8ABD906}.MinSizeRel|Win32.ActiveCfg = MinSizeRel|Win32
		{B118798F-38B3-35E4-831C-286EA8ABD906}.MinSizeRel|Win32.Build.0 = MinSizeRel|Win32
		{B118798F-38B3-35E4-831C-286EA8ABD906}.RelWithDebInfo|Win32.ActiveCfg = RelWithDebInfo|Win32
		{B118798F-38B3-35E4-831C-286EA8ABD906}.RelWithDebInfo|Win32.Build.0 = RelWithDebInfo|Win32
		{E22891B6-C000-3B5B-B078-B5F0425924C9}.Debug|Win32.ActiveCfg = Debug|Win32
		{E22891B6-C000-3B5B-B078-B5F0425924C9}.Debug|Win32.Build.0 = Debug|Win32
		{E22891B6-C000-3B5B-B078-B5F0425924C9}.Release|Win32.ActiveCfg = Release|Win32
		{E22891B6-C000-3B5B-B078-B5F0425924C9}.Release|Win32.Build.0 = Release|Win32
		{E22891B6-C000-3B5B-B078-B5F0425924C9}.MinSizeRel|Win32.ActiveCfg = MinSizeRel|Win32
		{E22891B6-C000-3B5B-B078-B5F0425924C9}.MinSizeRel|Win32.Build.0 = MinSizeRel|Win32
		{E22891B6-C000-3B5B-B078-B5F0425924C9}.RelWithDebInfo|Win32.ActiveCfg = RelWithDebInfo|Win32
		{E22891B6-C000-3B5B-B078-B5F0425924C9}.RelWithDebInfo|Win32.Build.0 = RelWithDebInfo|Win32
		{FA637BDC-D96E-3217-A84A-947B7B839BCF}.Debug|Win32.ActiveCfg = Debug|Win32
		{FA637BDC-D96E-3217-A84A-947B7B839BCF}.Debug|Win32.Build.0 = Debug|Win32
		{FA637BDC-D96E-3217-A84A-947B7B839BCF}.Release|Win32.ActiveCfg = Release|Win32
		{FA637BDC-D96E-3217-A84A-947B7B839BCF}.Release|Win32.Build.0 = Release|Win32
		{FA637BDC-D96E-3217-A84A-947B7B839BCF}.MinSizeRel|Win32.ActiveCfg = MinSizeRel|Win32
		{FA637BDC-D96E-3217-A84A-947B7B839BCF}.MinSizeRel|Win32.Build.0 = MinSizeRel|Win32
		{FA637BDC-D96E-3217-A84A-947B7B839BCF}.RelWithDebInfo|Win32.ActiveCfg = RelWithDebInfo|Win32
		{FA637BDC-D96E-3217-A84A-947B7B839BCF}.RelWithDebInfo|Win32.Build.0 = RelWithDebInfo|Win32
		{F74C0943-0EF1-3535-888A-69BF5E677068}.Debug|Win32.ActiveCfg = Debug|Win32
		{F74C0943-0EF1-3535-888A-69BF5E677068}.Debug|Win32.Build.0 = Debug|Win32
		{F74C0943-0EF1-3535-888A-69BF5E677068}.Release|Win32.ActiveCfg = Release|Win32
		{F74C0943-0EF1-3535-888A-69BF5E677068}.Release|Win32.Build.0 = Release|Win32
		{F74C0943-0EF1-3535-888A-69BF5E677068}.MinSizeRel|Win32.ActiveCfg = MinSizeRel|Win32
		{F74C0943-0EF1-3535-888A-69BF5E677068}.MinSizeRel|Win32.Build.0 = MinSizeRel|Win32
		{F74C0943-0EF1-3535-888A-69BF5E677068}.RelWithDebInfo|Win32.ActiveCfg = RelWithDebInfo|Win32
		{F74C0943-0EF1-3535-888A-69BF5E677068}.RelWithDebInfo|Win32.Build.0 = RelWithDebInfo|Win32
		{7B96B084-18ED-3FAA-863B-9020E65C553F}.Debug|Win32.ActiveCfg = Debug|Win32
		{7B96B084-18ED-3FAA-863B-9020E65C553F}.Debug|Win32.Build.0 = Debug|Win32
		{7B96B084-18ED-3FAA-863B-9020E65C553F}.Release|Win32.ActiveCfg = Release|Win32
		{7B96B084-18ED-3FAA-863B-9020E65C553F}.Release|Win32.Build.0 = Release|Win32
		{7B96B084-18ED-3FAA-863B-9020E65C553F}.MinSizeRel|Win32.ActiveCfg = MinSizeRel|Win32
		{7B96B084-18ED-3FAA-863B-9020E65C553F}.MinSizeRel|Win32.Build.0 = MinSizeRel|Win32
		{7B96B084-18ED-3FAA-863B-9020E65C553F}.RelWithDebInfo|Win32.ActiveCfg = RelWithDebInfo|Win32
		{7B96B084-18ED-3FAA-863B-9020E65C553F}.RelWithDebInfo|Win32.Build.0 = RelWithDebInfo|Win32
		{E52F9C14-B0B9-33BE-BCCC-FADAF9272F13}.Debug|Win32.ActiveCfg = Debug|Win32
		{E52F9C14-B0B9-33BE-BCCC-FADAF9272F13}.Debug|Win32.Build.0 = Debug|Win32
		{E52F9C14-B0B9-33BE-BCCC-FADAF9272F13}.Release|Win32.ActiveCfg = Release|Win32
		{E52F9C14-B0B9-33BE-BCCC-FADAF9272F13}.Release|Win32.Build.0 = Release|Win32
		{E52F9C14-B0B9-33BE-BCCC-FADAF9272F13}.MinSizeRel|Win32.ActiveCfg = MinSizeRel|Win32
		{E52F9C14-B0B9-33BE-BCCC-FADAF9272F13}.MinSizeRel|Win32.Build.0 = MinSizeRel|Win32
		{E52F9C14-B0B9-33BE-BCCC-FADAF9272F13}.RelWithDebInfo|Win32.ActiveCfg = RelWithDebInfo|Win32
		{E52F9C14-B0B9-33BE-BCCC-FADAF9272F13}.RelWithDebInfo|Win32.Build.0 = RelWithDebInfo|Win32
		{BDE3EF20-2A25-3E0B-B2BF-ACBFC87C2DB4}.Debug|Win32.ActiveCfg = Debug|Win32
		{BDE3EF20-2A25-3E0B-B2BF-ACBFC87C2DB4}.Debug|Win32.Build.0 = Debug|Win32
		{BDE3EF20-2A25-3E0B-B2BF-ACBFC87C2DB4}.Release|Win32.ActiveCfg = Release|Win32
		{BDE3EF20-2A25-3E0B-B2BF-ACBFC87C2DB4}.Release|Win32.Build.0 = Release|Win32
		{BDE3EF20-2A25-3E0B-B2BF-ACBFC87C2DB4}.MinSizeRel|Win32.ActiveCfg = MinSizeRel|Win32
		{BDE3EF20-2A25-3E0B-B2BF-ACBFC87C2DB4}.MinSizeRel|Win32.Build.0 = MinSizeRel|Win32
		{BDE3EF20-2A25-3E0B-B2BF-ACBFC87C2DB4}.RelWithDebInfo|Win32.ActiveCfg = RelWithDebInfo|Win32
		{BDE3EF20-2A25-3E0B-B2BF-ACBFC87C2DB4}.RelWithDebInfo|Win32.Build.0 = RelWithDebInfo|Win32
		{9950E646-C31C-3A9F-8F8D-CFEFA05424AF}.Debug|Win32.ActiveCfg = Debug|Win32
		{9950E646-C31C-3A9F-8F8D-CFEFA05424AF}.Debug|Win32.Build.0 = Debug|Win32
		{9950E646-C31C-3A9F-8F8D-CFEFA05424AF}.Release|Win32.ActiveCfg = Release|Win32
		{9950E646-C31C-3A9F-8F8D-CFEFA05424AF}.Release|Win32.Build.0 = Release|Win32
		{9950E646-C31C-3A9F-8F8D-CFEFA05424AF}.MinSizeRel|Win32.ActiveCfg = MinSizeRel|Win32
		{9950E646-C31C-3A9F-8F8D-CFEFA05424AF}.MinSizeRel|Win32.Build.0 = MinSizeRel|Win32
		{9950E646-C31C-3A9F-8F8D-CFEFA05424AF}.RelWithDebInfo|Win32.ActiveCfg = RelWithDebInfo|Win32
		{9950E646-C31C-3A9F-8F8D-CFEFA05424AF}.RelWithDebInfo|Win32.Build.0 = RelWithDebInfo|Win32
		{605C6D49-064A-3519-A625-63F2EC95D4FB}.Debug|Win32.ActiveCfg = Debug|Win32
		{605C6D49-064A-3519-A625-63F2EC95D4FB}.Debug|Win32.Build.0 = Debug|Win32
		{605C6D49-064A-3519-A625-63F2EC95D4FB}.Release|Win32.ActiveCfg = Release|Win32
		{605C6D49-064A-3519-A625-63F2EC95D4FB}.Release|Win32.Build.0 = Release|Win32
		{605C6D49-064A-3519-A625-63F2EC95D4FB}.MinSizeRel|Win32.ActiveCfg = MinSizeRel|Win32
		{605C6D49-064A-3519-A625-63F2EC95D4FB}.MinSizeRel|Win32.Build.0 = MinSizeRel|Win32
		{605C6D49-064A-3519-A625-63F2EC95D4FB}.RelWithDebInfo|Win32.ActiveCfg = RelWithDebInfo|Win32
		{605C6D49-064A-3519-A625-63F2EC95D4FB}.RelWithDebInfo|Win32.Build.0 = RelWithDebInfo|Win32
		{D28A93F2-82A2-311B-B514-26665677B1D3}.Debug|Win32.ActiveCfg = Debug|Win32
		{D28A93F2-82A2-311B-B514-26665677B1D3}.Debug|Win32.Build.0 = Debug|Win32
		{D28A93F2-82A2-311B-B514-26665677B1D3}.Release|Win32.ActiveCfg = Release|Win32
		{D28A93F2-82A2-311B-B514-26665677B1D3}.Release|Win32.Build.0 = Release|Win32
		{D28A93F2-82A2-311B-B514-26665677B1D3}.MinSizeRel|Win32.ActiveCfg = MinSizeRel|Win32
		{D28A93F2-82A2-311B-B514-26665677B1D3}.MinSizeRel|Win32.Build.0 = MinSizeRel|Win32
		{D28A93F2-82A2-311B-B514-26665677B1D3}.RelWithDebInfo|Win32.ActiveCfg = RelWithDebInfo|Win32
		{D28A93F2-82A2-311B-B514-26665677B1D3}.RelWithDebInfo|Win32.Build.0 = RelWithDebInfo|Win32
		{A639C228-66D4-3410-B700-49FFB9F8E96E}.Debug|Win32.ActiveCfg = Debug|Win32
		{A639C228-66D4-3410-B700-49FFB9F8E96E}.Debug|Win32.Build.0 = Debug|Win32
		{A639C228-66D4-3410-B700-49FFB9F8E96E}.Release|Win32.ActiveCfg = Release|Win32
		{A639C228-66D4-3410-B700-49FFB9F8E96E}.Release|Win32.Build.0 = Release|Win32
		{A639C228-66D4-3410-B700-49FFB9F8E96E}.MinSizeRel|Win32.ActiveCfg = MinSizeRel|Win32
		{A639C228-66D4-3410-B700-49FFB9F8E96E}.MinSizeRel|Win32.Build.0 = MinSizeRel|Win32
		{A639C228-66D4-3410-B700-49FFB9F8E96E}.RelWithDebInfo|Win32.ActiveCfg = RelWithDebInfo|Win32
		{A639C228-66D4-3410-B700-49FFB9F8E96E}.RelWithDebInfo|Win32.Build.0 = RelWithDebInfo|Win32
	EndGlobalSection
	GlobalSection(NestedProjects) = preSolution
		{04CA8824-1CBA-3C56-9F3F-B60CB2C349A8} = {863B93C8-AD57-3B3D-B121-543B872A6019}
		{9950E646-C31C-3A9F-8F8D-CFEFA05424AF} = {863B93C8-AD57-3B3D-B121-543B872A6019}
		{0B05884A-9AA9-30F1-80BB-5EC6A1DEB983} = {013ECBB0-990B-37EC-91DF-BB47E4C6B07E}
		{F6AB45EF-B26F-36E8-9C98-2D031F3E0AB1} = {013ECBB0-990B-37EC-91DF-BB47E4C6B07E}
		{65B89C07-848F-3AFC-99C8-F762ABAEB817} = {013ECBB0-990B-37EC-91DF-BB47E4C6B07E}
		{F4939079-FC32-3E13-921C-F1F55FC38340} = {013ECBB0-990B-37EC-91DF-BB47E4C6B07E}
		{B91DC30E-CBF6-3B3F-A93B-8BC3C39CDA90} = {013ECBB0-990B-37EC-91DF-BB47E4C6B07E}
		{7B96B084-18ED-3FAA-863B-9020E65C553F} = {013ECBB0-990B-37EC-91DF-BB47E4C6B07E}
		{E52F9C14-B0B9-33BE-BCCC-FADAF9272F13} = {013ECBB0-990B-37EC-91DF-BB47E4C6B07E}
		{E22891B6-C000-3B5B-B078-B5F0425924C9} = {A9CC3FC7-93E1-350E-A56D-FEEEC836BD95}
		{FA637BDC-D96E-3217-A84A-947B7B839BCF} = {A9CC3FC7-93E1-350E-A56D-FEEEC836BD95}
		{F74C0943-0EF1-3535-888A-69BF5E677068} = {A9CC3FC7-93E1-350E-A56D-FEEEC836BD95}
		{BDE3EF20-2A25-3E0B-B2BF-ACBFC87C2DB4} = {A9CC3FC7-93E1-350E-A56D-FEEEC836BD95}
		{B118798F-38B3-35E4-831C-286EA8ABD906} = {5DC96700-7661-3853-9996-AC14366190B6}
		{605C6D49-064A-3519-A625-63F2EC95D4FB} = {EC4F699F-6ECB-3C7C-8AB5-F8F22203E6C6}
		{D28A93F2-82A2-311B-B514-26665677B1D3} = {EC4F699F-6ECB-3C7C-8AB5-F8F22203E6C6}
		{A639C228-66D4-3410-B700-49FFB9F8E96E} = {EC4F699F-6ECB-3C7C-8AB5-F8F22203E6C6}
	EndGlobalSection
	GlobalSection(ExtensibilityGlobals) = postSolution
	EndGlobalSection
	GlobalSection(ExtensibilityAddIns) = postSolution
	EndGlobalSection
EndGlobal
